// !$*UTF8*$!
{
	archiveVersion = 1;
	classes = {
	};
	objectVersion = 46;
	objects = {

/* Begin PBXBuildFile section */
		B623247C1D21FC9E00E53405 /* SunsetObject+CoreDataProperties.swift in Sources */ = {isa = PBXBuildFile; fileRef = B623247A1D21FC9E00E53405 /* SunsetObject+CoreDataProperties.swift */; };
		B623247D1D21FC9E00E53405 /* SunsetObject.swift in Sources */ = {isa = PBXBuildFile; fileRef = B623247B1D21FC9E00E53405 /* SunsetObject.swift */; };
		B647F6401CAF33B600F2EDA0 /* AppDelegate.swift in Sources */ = {isa = PBXBuildFile; fileRef = B647F63F1CAF33B600F2EDA0 /* AppDelegate.swift */; };
		B647F6451CAF33B600F2EDA0 /* Main.storyboard in Resources */ = {isa = PBXBuildFile; fileRef = B647F6431CAF33B600F2EDA0 /* Main.storyboard */; };
		B647F6481CAF33B600F2EDA0 /* Sunset.xcdatamodeld in Sources */ = {isa = PBXBuildFile; fileRef = B647F6461CAF33B600F2EDA0 /* Sunset.xcdatamodeld */; };
		B647F64A1CAF33B600F2EDA0 /* Assets.xcassets in Resources */ = {isa = PBXBuildFile; fileRef = B647F6491CAF33B600F2EDA0 /* Assets.xcassets */; };
		B647F64D1CAF33B600F2EDA0 /* LaunchScreen.storyboard in Resources */ = {isa = PBXBuildFile; fileRef = B647F64B1CAF33B600F2EDA0 /* LaunchScreen.storyboard */; };
		B67B1F1A1D205EEA001FA72D /* DataManager.swift in Sources */ = {isa = PBXBuildFile; fileRef = B67B1F191D205EEA001FA72D /* DataManager.swift */; };
		B67B1F1C1D20648D001FA72D /* SunsetViewController.swift in Sources */ = {isa = PBXBuildFile; fileRef = B67B1F1B1D20648D001FA72D /* SunsetViewController.swift */; };
		B67B1F1E1D2064EC001FA72D /* SettingsViewController.swift in Sources */ = {isa = PBXBuildFile; fileRef = B67B1F1D1D2064EC001FA72D /* SettingsViewController.swift */; };
/* End PBXBuildFile section */

/* Begin PBXFileReference section */
		B623247A1D21FC9E00E53405 /* SunsetObject+CoreDataProperties.swift */ = {isa = PBXFileReference; fileEncoding = 4; lastKnownFileType = sourcecode.swift; path = "SunsetObject+CoreDataProperties.swift"; sourceTree = SOURCE_ROOT; };
		B623247B1D21FC9E00E53405 /* SunsetObject.swift */ = {isa = PBXFileReference; fileEncoding = 4; lastKnownFileType = sourcecode.swift; path = SunsetObject.swift; sourceTree = SOURCE_ROOT; };
		B647F63C1CAF33B600F2EDA0 /* Sunset.app */ = {isa = PBXFileReference; explicitFileType = wrapper.application; includeInIndex = 0; path = Sunset.app; sourceTree = BUILT_PRODUCTS_DIR; };
		B647F63F1CAF33B600F2EDA0 /* AppDelegate.swift */ = {isa = PBXFileReference; lastKnownFileType = sourcecode.swift; path = AppDelegate.swift; sourceTree = "<group>"; };
		B647F6441CAF33B600F2EDA0 /* Base */ = {isa = PBXFileReference; lastKnownFileType = file.storyboard; name = Base; path = Base.lproj/Main.storyboard; sourceTree = "<group>"; };
		B647F6471CAF33B600F2EDA0 /* Sunset.xcdatamodel */ = {isa = PBXFileReference; lastKnownFileType = wrapper.xcdatamodel; path = Sunset.xcdatamodel; sourceTree = "<group>"; };
		B647F6491CAF33B600F2EDA0 /* Assets.xcassets */ = {isa = PBXFileReference; lastKnownFileType = folder.assetcatalog; path = Assets.xcassets; sourceTree = "<group>"; };
		B647F64C1CAF33B600F2EDA0 /* Base */ = {isa = PBXFileReference; lastKnownFileType = file.storyboard; name = Base; path = Base.lproj/LaunchScreen.storyboard; sourceTree = "<group>"; };
		B647F64E1CAF33B600F2EDA0 /* Info.plist */ = {isa = PBXFileReference; lastKnownFileType = text.plist.xml; path = Info.plist; sourceTree = "<group>"; };
		B67B1F191D205EEA001FA72D /* DataManager.swift */ = {isa = PBXFileReference; fileEncoding = 4; lastKnownFileType = sourcecode.swift; path = DataManager.swift; sourceTree = "<group>"; };
		B67B1F1B1D20648D001FA72D /* SunsetViewController.swift */ = {isa = PBXFileReference; fileEncoding = 4; lastKnownFileType = sourcecode.swift; path = SunsetViewController.swift; sourceTree = "<group>"; };
		B67B1F1D1D2064EC001FA72D /* SettingsViewController.swift */ = {isa = PBXFileReference; fileEncoding = 4; lastKnownFileType = sourcecode.swift; path = SettingsViewController.swift; sourceTree = "<group>"; };
/* End PBXFileReference section */

/* Begin PBXFrameworksBuildPhase section */
		B647F6391CAF33B600F2EDA0 /* Frameworks */ = {
			isa = PBXFrameworksBuildPhase;
			buildActionMask = 2147483647;
			files = (
			);
			runOnlyForDeploymentPostprocessing = 0;
		};
/* End PBXFrameworksBuildPhase section */

/* Begin PBXGroup section */
		B647F6331CAF33B600F2EDA0 = {
			isa = PBXGroup;
			children = (
				B647F63E1CAF33B600F2EDA0 /* Sunset */,
				B647F63D1CAF33B600F2EDA0 /* Products */,
			);
			sourceTree = "<group>";
		};
		B647F63D1CAF33B600F2EDA0 /* Products */ = {
			isa = PBXGroup;
			children = (
				B647F63C1CAF33B600F2EDA0 /* Sunset.app */,
			);
			name = Products;
			sourceTree = "<group>";
		};
		B647F63E1CAF33B600F2EDA0 /* Sunset */ = {
			isa = PBXGroup;
			children = (
				B647F63F1CAF33B600F2EDA0 /* AppDelegate.swift */,
				B67B1F191D205EEA001FA72D /* DataManager.swift */,
				B647F6431CAF33B600F2EDA0 /* Main.storyboard */,
				B67B1F1B1D20648D001FA72D /* SunsetViewController.swift */,
				B67B1F1D1D2064EC001FA72D /* SettingsViewController.swift */,
				B647F6491CAF33B600F2EDA0 /* Assets.xcassets */,
				B647F64B1CAF33B600F2EDA0 /* LaunchScreen.storyboard */,
				B647F64E1CAF33B600F2EDA0 /* Info.plist */,
				B623247A1D21FC9E00E53405 /* SunsetObject+CoreDataProperties.swift */,
				B623247B1D21FC9E00E53405 /* SunsetObject.swift */,
				B647F6461CAF33B600F2EDA0 /* Sunset.xcdatamodeld */,
			);
			path = Sunset;
			sourceTree = "<group>";
		};
/* End PBXGroup section */

/* Begin PBXNativeTarget section */
		B647F63B1CAF33B600F2EDA0 /* Sunset */ = {
			isa = PBXNativeTarget;
			buildConfigurationList = B647F6511CAF33B600F2EDA0 /* Build configuration list for PBXNativeTarget "Sunset" */;
			buildPhases = (
				B647F6381CAF33B600F2EDA0 /* Sources */,
				B647F6391CAF33B600F2EDA0 /* Frameworks */,
				B647F63A1CAF33B600F2EDA0 /* Resources */,
			);
			buildRules = (
			);
			dependencies = (
			);
			name = Sunset;
			productName = Sunset;
			productReference = B647F63C1CAF33B600F2EDA0 /* Sunset.app */;
			productType = "com.apple.product-type.application";
		};
/* End PBXNativeTarget section */

/* Begin PBXProject section */
		B647F6341CAF33B600F2EDA0 /* Project object */ = {
			isa = PBXProject;
			attributes = {
				LastSwiftUpdateCheck = 0720;
				LastUpgradeCheck = 0720;
				ORGANIZATIONNAME = "Jenna Miller";
				TargetAttributes = {
					B647F63B1CAF33B600F2EDA0 = {
						CreatedOnToolsVersion = 7.2.1;
						DevelopmentTeam = J7RC77R7KS;
					};
				};
			};
			buildConfigurationList = B647F6371CAF33B600F2EDA0 /* Build configuration list for PBXProject "Sunset" */;
			compatibilityVersion = "Xcode 3.2";
			developmentRegion = English;
			hasScannedForEncodings = 0;
			knownRegions = (
				en,
				Base,
			);
			mainGroup = B647F6331CAF33B600F2EDA0;
			productRefGroup = B647F63D1CAF33B600F2EDA0 /* Products */;
			projectDirPath = "";
			projectRoot = "";
			targets = (
				B647F63B1CAF33B600F2EDA0 /* Sunset */,
			);
		};
/* End PBXProject section */

/* Begin PBXResourcesBuildPhase section */
		B647F63A1CAF33B600F2EDA0 /* Resources */ = {
			isa = PBXResourcesBuildPhase;
			buildActionMask = 2147483647;
			files = (
				B647F64D1CAF33B600F2EDA0 /* LaunchScreen.storyboard in Resources */,
				B647F64A1CAF33B600F2EDA0 /* Assets.xcassets in Resources */,
				B647F6451CAF33B600F2EDA0 /* Main.storyboard in Resources */,
			);
			runOnlyForDeploymentPostprocessing = 0;
		};
/* End PBXResourcesBuildPhase section */

/* Begin PBXSourcesBuildPhase section */
		B647F6381CAF33B600F2EDA0 /* Sources */ = {
			isa = PBXSourcesBuildPhase;
			buildActionMask = 2147483647;
			files = (
				B623247D1D21FC9E00E53405 /* SunsetObject.swift in Sources */,
				B647F6481CAF33B600F2EDA0 /* Sunset.xcdatamodeld in Sources */,
				B67B1F1A1D205EEA001FA72D /* DataManager.swift in Sources */,
				B67B1F1C1D20648D001FA72D /* SunsetViewController.swift in Sources */,
				B67B1F1E1D2064EC001FA72D /* SettingsViewController.swift in Sources */,
				B623247C1D21FC9E00E53405 /* SunsetObject+CoreDataProperties.swift in Sources */,
				B647F6401CAF33B600F2EDA0 /* AppDelegate.swift in Sources */,
			);
			runOnlyForDeploymentPostprocessing = 0;
		};
/* End PBXSourcesBuildPhase section */

/* Begin PBXVariantGroup section */
		B647F6431CAF33B600F2EDA0 /* Main.storyboard */ = {
			isa = PBXVariantGroup;
			children = (
				B647F6441CAF33B600F2EDA0 /* Base */,
			);
			name = Main.storyboard;
			sourceTree = "<group>";
		};
		B647F64B1CAF33B600F2EDA0 /* LaunchScreen.storyboard */ = {
			isa = PBXVariantGroup;
			children = (
				B647F64C1CAF33B600F2EDA0 /* Base */,
			);
			name = LaunchScreen.storyboard;
			sourceTree = "<group>";
		};
/* End PBXVariantGroup section */

/* Begin XCBuildConfiguration section */
		B647F64F1CAF33B600F2EDA0 /* Debug */ = {
			isa = XCBuildConfiguration;
			buildSettings = {
				ALWAYS_SEARCH_USER_PATHS = NO;
				CLANG_CXX_LANGUAGE_STANDARD = "gnu++0x";
				CLANG_CXX_LIBRARY = "libc++";
				CLANG_ENABLE_MODULES = YES;
				CLANG_ENABLE_OBJC_ARC = YES;
				CLANG_WARN_BOOL_CONVERSION = YES;
				CLANG_WARN_CONSTANT_CONVERSION = YES;
				CLANG_WARN_DIRECT_OBJC_ISA_USAGE = YES_ERROR;
				CLANG_WARN_EMPTY_BODY = YES;
				CLANG_WARN_ENUM_CONVERSION = YES;
				CLANG_WARN_INT_CONVERSION = YES;
				CLANG_WARN_OBJC_ROOT_CLASS = YES_ERROR;
				CLANG_WARN_UNREACHABLE_CODE = YES;
				CLANG_WARN__DUPLICATE_METHOD_MATCH = YES;
				"CODE_SIGN_IDENTITY[sdk=iphoneos*]" = "iPhone Developer";
				COPY_PHASE_STRIP = NO;
				DEBUG_INFORMATION_FORMAT = dwarf;
				ENABLE_STRICT_OBJC_MSGSEND = YES;
				ENABLE_TESTABILITY = YES;
				GCC_C_LANGUAGE_STANDARD = gnu99;
				GCC_DYNAMIC_NO_PIC = NO;
				GCC_NO_COMMON_BLOCKS = YES;
				GCC_OPTIMIZATION_LEVEL = 0;
				GCC_PREPROCESSOR_DEFINITIONS = (
					"DEBUG=1",
					"$(inherited)",
				);
				GCC_WARN_64_TO_32_BIT_CONVERSION = YES;
				GCC_WARN_ABOUT_RETURN_TYPE = YES_ERROR;
				GCC_WARN_UNDECLARED_SELECTOR = YES;
				GCC_WARN_UNINITIALIZED_AUTOS = YES_AGGRESSIVE;
				GCC_WARN_UNUSED_FUNCTION = YES;
				GCC_WARN_UNUSED_VARIABLE = YES;
				IPHONEOS_DEPLOYMENT_TARGET = 9.2;
				MTL_ENABLE_DEBUG_INFO = YES;
				ONLY_ACTIVE_ARCH = YES;
				SDKROOT = iphoneos;
				SWIFT_OPTIMIZATION_LEVEL = "-Onone";
			};
			name = Debug;
		};
		B647F6501CAF33B600F2EDA0 /* Release */ = {
			isa = XCBuildConfiguration;
			buildSettings = {
				ALWAYS_SEARCH_USER_PATHS = NO;
				CLANG_CXX_LANGUAGE_STANDARD = "gnu++0x";
				CLANG_CXX_LIBRARY = "libc++";
				CLANG_ENABLE_MODULES = YES;
				CLANG_ENABLE_OBJC_ARC = YES;
				CLANG_WARN_BOOL_CONVERSION = YES;
				CLANG_WARN_CONSTANT_CONVERSION = YES;
				CLANG_WARN_DIRECT_OBJC_ISA_USAGE = YES_ERROR;
				CLANG_WARN_EMPTY_BODY = YES;
				CLANG_WARN_ENUM_CONVERSION = YES;
				CLANG_WARN_INT_CONVERSION = YES;
				CLANG_WARN_OBJC_ROOT_CLASS = YES_ERROR;
				CLANG_WARN_UNREACHABLE_CODE = YES;
				CLANG_WARN__DUPLICATE_METHOD_MATCH = YES;
				"CODE_SIGN_IDENTITY[sdk=iphoneos*]" = "iPhone Developer";
				COPY_PHASE_STRIP = NO;
				DEBUG_INFORMATION_FORMAT = "dwarf-with-dsym";
				ENABLE_NS_ASSERTIONS = NO;
				ENABLE_STRICT_OBJC_MSGSEND = YES;
				GCC_C_LANGUAGE_STANDARD = gnu99;
				GCC_NO_COMMON_BLOCKS = YES;
				GCC_WARN_64_TO_32_BIT_CONVERSION = YES;
				GCC_WARN_ABOUT_RETURN_TYPE = YES_ERROR;
				GCC_WARN_UNDECLARED_SELECTOR = YES;
				GCC_WARN_UNINITIALIZED_AUTOS = YES_AGGRESSIVE;
				GCC_WARN_UNUSED_FUNCTION = YES;
				GCC_WARN_UNUSED_VARIABLE = YES;
				IPHONEOS_DEPLOYMENT_TARGET = 9.2;
				MTL_ENABLE_DEBUG_INFO = NO;
				SDKROOT = iphoneos;
				VALIDATE_PRODUCT = YES;
			};
			name = Release;
		};
		B647F6521CAF33B600F2EDA0 /* Debug */ = {
			isa = XCBuildConfiguration;
			buildSettings = {
				ASSETCATALOG_COMPILER_APPICON_NAME = AppIcon;
				CODE_SIGN_IDENTITY = "iPhone Distribution: Jenna Miller (J7RC77R7KS)";
				"CODE_SIGN_IDENTITY[sdk=iphoneos*]" = "iPhone Distribution: Jenna Miller (J7RC77R7KS)";
				INFOPLIST_FILE = Sunset/Info.plist;
				LD_RUNPATH_SEARCH_PATHS = "$(inherited) @executable_path/Frameworks";
				PRODUCT_BUNDLE_IDENTIFIER = com.jennathriller.projects.Sunset;
				PRODUCT_NAME = "$(TARGET_NAME)";
				PROVISIONING_PROFILE = "d7342899-3ea9-451a-8ce2-04782b0abd79";
			};
			name = Debug;
		};
		B647F6531CAF33B600F2EDA0 /* Release */ = {
			isa = XCBuildConfiguration;
			buildSettings = {
				ASSETCATALOG_COMPILER_APPICON_NAME = AppIcon;
				CODE_SIGN_IDENTITY = "iPhone Distribution: Jenna Miller (J7RC77R7KS)";
				"CODE_SIGN_IDENTITY[sdk=iphoneos*]" = "iPhone Distribution: Jenna Miller (J7RC77R7KS)";
				INFOPLIST_FILE = Sunset/Info.plist;
				LD_RUNPATH_SEARCH_PATHS = "$(inherited) @executable_path/Frameworks";
				PRODUCT_BUNDLE_IDENTIFIER = com.jennathriller.projects.Sunset;
				PRODUCT_NAME = "$(TARGET_NAME)";
				PROVISIONING_PROFILE = "d7342899-3ea9-451a-8ce2-04782b0abd79";
			};
			name = Release;
		};
/* End XCBuildConfiguration section */

/* Begin XCConfigurationList section */
		B647F6371CAF33B600F2EDA0 /* Build configuration list for PBXProject "Sunset" */ = {
			isa = XCConfigurationList;
			buildConfigurations = (
				B647F64F1CAF33B600F2EDA0 /* Debug */,
				B647F6501CAF33B600F2EDA0 /* Release */,
			);
			defaultConfigurationIsVisible = 0;
			defaultConfigurationName = Release;
		};
		B647F6511CAF33B600F2EDA0 /* Build configuration list for PBXNativeTarget "Sunset" */ = {
			isa = XCConfigurationList;
			buildConfigurations = (
				B647F6521CAF33B600F2EDA0 /* Debug */,
				B647F6531CAF33B600F2EDA0 /* Release */,
			);
			defaultConfigurationIsVisible = 0;
			defaultConfigurationName = Release;
		};
/* End XCConfigurationList section */

/* Begin XCVersionGroup section */
		B647F6461CAF33B600F2EDA0 /* Sunset.xcdatamodeld */ = {
			isa = XCVersionGroup;
			children = (
				B647F6471CAF33B600F2EDA0 /* Sunset.xcdatamodel */,
			);
			currentVersion = B647F6471CAF33B600F2EDA0 /* Sunset.xcdatamodel */;
			path = Sunset.xcdatamodeld;
			sourceTree = "<group>";
			versionGroupType = wrapper.xcdatamodel;
		};
/* End XCVersionGroup section */
	};
	rootObject = B647F6341CAF33B600F2EDA0 /* Project object */;
}
